
Microsoft Visual Studio Solution File, Format Version 12.00
# Visual Studio Version 17
VisualStudioVersion = 17.4.33122.133
MinimumVisualStudioVersion = 10.0.40219.1
Project("{FAE04EC0-301F-11D3-BF4B-00C04F79EFBC}") = "FileIO_Operations", "FileIO_Operations\FileIO_Operations.csproj", "{139BB886-3DC1-4A9F-A166-353DCA2FA6FB}"
EndProject
Global
	GlobalSection(SolutionConfigurationPlatforms) = preSolution
		Debug|Any CPU = Debug|Any CPU
		Release|Any CPU = Release|Any CPU
	EndGlobalSection
	GlobalSection(ProjectConfigurationPlatforms) = postSolution
		{139BB886-3DC1-4A9F-A166-353DCA2FA6FB}.Debug|Any CPU.ActiveCfg = Debug|Any CPU
		{139BB886-3DC1-4A9F-A166-353DCA2FA6FB}.Debug|Any CPU.Build.0 = Debug|Any CPU
		{139BB886-3DC1-4A9F-A166-353DCA2FA6FB}.Release|Any CPU.ActiveCfg = Release|Any CPU
		{139BB886-3DC1-4A9F-A166-353DCA2FA6FB}.Release|Any CPU.Build.0 = Release|Any CPU
	EndGlobalSection
	GlobalSection(SolutionProperties) = preSolution
		HideSolutionNode = FALSE
	EndGlobalSection
	GlobalSection(ExtensibilityGlobals) = postSolution
		SolutionGuid = {A7D1F04D-CD7A-4EBA-9317-C24035134805}
	EndGlobalSection
EndGlobal
